// !$*UTF8*$!
{
	archiveVersion = 1;
	classes = {
	};
	objectVersion = 50;
	objects = {

/* Begin PBXBuildFile section */
		B011238F215DDF5200A905E3 /* XCTUnwrapped.swift in Sources */ = {isa = PBXBuildFile; fileRef = B0112389215DDF2A00A905E3 /* XCTUnwrapped.swift */; };
		B0112390215DDF5200A905E3 /* XCTSuccess.swift in Sources */ = {isa = PBXBuildFile; fileRef = B011238A215DDF2A00A905E3 /* XCTSuccess.swift */; };
		B011239C215E056C00A905E3 /* MessageField.swift in Sources */ = {isa = PBXBuildFile; fileRef = B011239A215E056600A905E3 /* MessageField.swift */; };
		B01123A8215E335300A905E3 /* CartItem.swift in Sources */ = {isa = PBXBuildFile; fileRef = B01123A7215E335300A905E3 /* CartItem.swift */; };
		B017706121BA85FC003C49DB /* UIKeyboardController.swift in Sources */ = {isa = PBXBuildFile; fileRef = B017706021BA85FC003C49DB /* UIKeyboardController.swift */; };
		B020D4F52195350200EC93E3 /* CartItemController.swift in Sources */ = {isa = PBXBuildFile; fileRef = B020D4F42195350200EC93E3 /* CartItemController.swift */; };
		B020D4F921955D3400EC93E3 /* CheckoutCart.swift in Sources */ = {isa = PBXBuildFile; fileRef = B020D4F821955D3400EC93E3 /* CheckoutCart.swift */; };
		B020D4FD219AB78900EC93E3 /* CheckoutDashboard.swift in Sources */ = {isa = PBXBuildFile; fileRef = B020D4FC219AB78900EC93E3 /* CheckoutDashboard.swift */; };
		B020D500219AC49500EC93E3 /* ShippingService.swift in Sources */ = {isa = PBXBuildFile; fileRef = B020D4FF219AC49500EC93E3 /* ShippingService.swift */; };
		B020D502219AC51800EC93E3 /* TSShippingServiceNibView.swift in Sources */ = {isa = PBXBuildFile; fileRef = B020D501219AC51800EC93E3 /* TSShippingServiceNibView.swift */; };
		B020D504219AC53300EC93E3 /* TSShippingServiceNibView.xib in Resources */ = {isa = PBXBuildFile; fileRef = B020D503219AC53300EC93E3 /* TSShippingServiceNibView.xib */; };
		B02A19F421BA58FE00072154 /* TSShippingDestinationEditorAddressNibView.swift in Sources */ = {isa = PBXBuildFile; fileRef = B02A19F321BA58FE00072154 /* TSShippingDestinationEditorAddressNibView.swift */; };
		B02A19F621BA593000072154 /* TSShippingDestinationEditorAddressNibView.xib in Resources */ = {isa = PBXBuildFile; fileRef = B02A19F521BA593000072154 /* TSShippingDestinationEditorAddressNibView.xib */; };
		B02A19F821BA5AFF00072154 /* TSButton.swift in Sources */ = {isa = PBXBuildFile; fileRef = B02A19F721BA5AFF00072154 /* TSButton.swift */; };
		B02A19FA21BA677100072154 /* TSShippingDestinationEditorNibView.swift in Sources */ = {isa = PBXBuildFile; fileRef = B02A19F921BA677100072154 /* TSShippingDestinationEditorNibView.swift */; };
		B02A19FC21BA679800072154 /* TSShippingDestinationEditorNibView.xib in Resources */ = {isa = PBXBuildFile; fileRef = B02A19FB21BA679800072154 /* TSShippingDestinationEditorNibView.xib */; };
		B02B0245218AF85900772118 /* TSCartItemViewController.swift in Sources */ = {isa = PBXBuildFile; fileRef = B02B0244218AF85900772118 /* TSCartItemViewController.swift */; };
		B02B0249218B0A4700772118 /* Assets.xcassets in Resources */ = {isa = PBXBuildFile; fileRef = B02B0248218B0A4700772118 /* Assets.xcassets */; };
		B02B0250218BD5F100772118 /* TSSelectionView.swift in Sources */ = {isa = PBXBuildFile; fileRef = B02B024F218BD5F100772118 /* TSSelectionView.swift */; };
		B03A1C7F21587FF7000DC2D8 /* TinyCore.framework in Frameworks */ = {isa = PBXBuildFile; fileRef = B03A1C7E21587FF7000DC2D8 /* TinyCore.framework */; };
		B03A1C8121587FF7000DC2D8 /* TinyKit.framework in Frameworks */ = {isa = PBXBuildFile; fileRef = B03A1C8021587FF7000DC2D8 /* TinyKit.framework */; };
		B03A1C8321587FF7000DC2D8 /* TinyStorage.framework in Frameworks */ = {isa = PBXBuildFile; fileRef = B03A1C8221587FF7000DC2D8 /* TinyStorage.framework */; };
		B03A1C8521588192000DC2D8 /* TinyCore.framework in Frameworks */ = {isa = PBXBuildFile; fileRef = B03A1C8421588192000DC2D8 /* TinyCore.framework */; };
		B03A1C8721588192000DC2D8 /* TinyKit.framework in Frameworks */ = {isa = PBXBuildFile; fileRef = B03A1C8621588192000DC2D8 /* TinyKit.framework */; };
		B03A1C8921588192000DC2D8 /* TinyStorage.framework in Frameworks */ = {isa = PBXBuildFile; fileRef = B03A1C8821588192000DC2D8 /* TinyStorage.framework */; };
		B03A1C8B21588220000DC2D8 /* TinyCore.framework in Copy Frameworks */ = {isa = PBXBuildFile; fileRef = B03A1C8421588192000DC2D8 /* TinyCore.framework */; settings = {ATTRIBUTES = (CodeSignOnCopy, RemoveHeadersOnCopy, ); }; };
		B03A1C8C21588220000DC2D8 /* TinyKit.framework in Copy Frameworks */ = {isa = PBXBuildFile; fileRef = B03A1C8621588192000DC2D8 /* TinyKit.framework */; settings = {ATTRIBUTES = (CodeSignOnCopy, RemoveHeadersOnCopy, ); }; };
		B03A1C8D21588220000DC2D8 /* TinyStorage.framework in Copy Frameworks */ = {isa = PBXBuildFile; fileRef = B03A1C8821588192000DC2D8 /* TinyStorage.framework */; settings = {ATTRIBUTES = (CodeSignOnCopy, RemoveHeadersOnCopy, ); }; };
		B043A05621ABE7E200CF296A /* UIAddressCityPickerViewController.swift in Sources */ = {isa = PBXBuildFile; fileRef = B043A05521ABE7E200CF296A /* UIAddressCityPickerViewController.swift */; };
		B043A29F21AFC77A00CF296A /* AddressState.swift in Sources */ = {isa = PBXBuildFile; fileRef = B043A29E21AFC77A00CF296A /* AddressState.swift */; };
		B04C929D21A41F340009B607 /* DSL.swift in Sources */ = {isa = PBXBuildFile; fileRef = B04C929C21A41F340009B607 /* DSL.swift */; };
		B04C929F21A66F9D0009B607 /* UIDashboardSubTextFieldController.swift in Sources */ = {isa = PBXBuildFile; fileRef = B04C929E21A66F9D0009B607 /* UIDashboardSubTextFieldController.swift */; };
		B04C92A121A6772E0009B607 /* DashboardRow.swift in Sources */ = {isa = PBXBuildFile; fileRef = B04C92A021A6772E0009B607 /* DashboardRow.swift */; };
		B04C92A321A677530009B607 /* DashboardRowController.swift in Sources */ = {isa = PBXBuildFile; fileRef = B04C92A221A677530009B607 /* DashboardRowController.swift */; };
		B04C92A521A6834F0009B607 /* UIDashboardActionButtonController.swift in Sources */ = {isa = PBXBuildFile; fileRef = B04C92A421A6834F0009B607 /* UIDashboardActionButtonController.swift */; };
		B04C92A721A686210009B607 /* DashboardAction.swift in Sources */ = {isa = PBXBuildFile; fileRef = B04C92A621A686210009B607 /* DashboardAction.swift */; };
		B04C92A921A686F20009B607 /* DashboardActionController.swift in Sources */ = {isa = PBXBuildFile; fileRef = B04C92A821A686F20009B607 /* DashboardActionController.swift */; };
		B0697F1121B7B30300D05D6E /* TSPriceView.swift in Sources */ = {isa = PBXBuildFile; fileRef = B0697F1021B7B30300D05D6E /* TSPriceView.swift */; };
		B0697F1521B7E0A700D05D6E /* PostalCode.swift in Sources */ = {isa = PBXBuildFile; fileRef = B0697F1421B7E0A700D05D6E /* PostalCode.swift */; };
		B0697F1721B8D46A00D05D6E /* ShippingDestinationEditorController.swift in Sources */ = {isa = PBXBuildFile; fileRef = B0697F1621B8D46A00D05D6E /* ShippingDestinationEditorController.swift */; };
		B0697F2121B8E3A600D05D6E /* TaiwanCity.swift in Sources */ = {isa = PBXBuildFile; fileRef = B0697F2021B8E3A600D05D6E /* TaiwanCity.swift */; };
		B0697F2321B8E3B500D05D6E /* TaiwanPostalCode.swift in Sources */ = {isa = PBXBuildFile; fileRef = B0697F2221B8E3B500D05D6E /* TaiwanPostalCode.swift */; };
		B0697F3621BA06A400D05D6E /* TSTextFieldNibView.swift in Sources */ = {isa = PBXBuildFile; fileRef = B0697F3521BA06A400D05D6E /* TSTextFieldNibView.swift */; };
		B0697F3821BA075000D05D6E /* TSTextFieldNibView.xib in Resources */ = {isa = PBXBuildFile; fileRef = B0697F3721BA075000D05D6E /* TSTextFieldNibView.xib */; };
		B0697F3B21BA0C1900D05D6E /* TSTextField.swift in Sources */ = {isa = PBXBuildFile; fileRef = B0697F3A21BA0C1900D05D6E /* TSTextField.swift */; };
		B0697F3D21BA23B800D05D6E /* TSShippingDestinationEditorController.swift in Sources */ = {isa = PBXBuildFile; fileRef = B0697F3C21BA23B800D05D6E /* TSShippingDestinationEditorController.swift */; };
		B0697F3F21BA23F700D05D6E /* TSShippingDestinationEditorRecipientNibView.swift in Sources */ = {isa = PBXBuildFile; fileRef = B0697F3E21BA23F700D05D6E /* TSShippingDestinationEditorRecipientNibView.swift */; };
		B0697F4121BA243F00D05D6E /* TSShippingDestinationEditorRecipientNibView.xib in Resources */ = {isa = PBXBuildFile; fileRef = B0697F4021BA243F00D05D6E /* TSShippingDestinationEditorRecipientNibView.xib */; };
		B0772EBC218BF2720082C055 /* CheckoutCartViewController.swift in Sources */ = {isa = PBXBuildFile; fileRef = B0772EBB218BF2720082C055 /* CheckoutCartViewController.swift */; };
		B0772EC4218C39AF0082C055 /* UIDashboardSubTextField.swift in Sources */ = {isa = PBXBuildFile; fileRef = B0772EC3218C39AF0082C055 /* UIDashboardSubTextField.swift */; };
		B0772EC6218C39D70082C055 /* UIDashboardSubTextField.xib in Resources */ = {isa = PBXBuildFile; fileRef = B0772EC5218C39D70082C055 /* UIDashboardSubTextField.xib */; };
		B0772EC8218C419A0082C055 /* UICheckoutDashboardMainTextField.swift in Sources */ = {isa = PBXBuildFile; fileRef = B0772EC7218C419A0082C055 /* UICheckoutDashboardMainTextField.swift */; };
		B0772ECA218C41CB0082C055 /* UICheckoutDashboardMainTextField.xib in Resources */ = {isa = PBXBuildFile; fileRef = B0772EC9218C41CB0082C055 /* UICheckoutDashboardMainTextField.xib */; };
		B0772ECC218C45E10082C055 /* UICheckoutDashboardButtonWrapperView.swift in Sources */ = {isa = PBXBuildFile; fileRef = B0772ECB218C45E10082C055 /* UICheckoutDashboardButtonWrapperView.swift */; };
		B0772ECE218C46070082C055 /* UICheckoutDashboardButtonWrapperView.xib in Resources */ = {isa = PBXBuildFile; fileRef = B0772ECD218C46070082C055 /* UICheckoutDashboardButtonWrapperView.xib */; };
		B0772ED0218C49520082C055 /* TSCheckoutNibView.xib in Resources */ = {isa = PBXBuildFile; fileRef = B0772ECF218C49520082C055 /* TSCheckoutNibView.xib */; };
		B0772ED2218C4A310082C055 /* TSCheckoutNibView.swift in Sources */ = {isa = PBXBuildFile; fileRef = B0772ED1218C4A310082C055 /* TSCheckoutNibView.swift */; };
		B0772ED4218C4B630082C055 /* UIDashboardViewController.swift in Sources */ = {isa = PBXBuildFile; fileRef = B0772ED3218C4B630082C055 /* UIDashboardViewController.swift */; };
		B0772ED6218C4CC60082C055 /* TSCheckoutViewController.swift in Sources */ = {isa = PBXBuildFile; fileRef = B0772ED5218C4CC60082C055 /* TSCheckoutViewController.swift */; };
		B0772EDB2193E0F20082C055 /* Apparel.swift in Sources */ = {isa = PBXBuildFile; fileRef = B0772EBF218C2B220082C055 /* Apparel.swift */; };
		B07A2C37215A0A2D002EFE87 /* TinyValidation.framework in Frameworks */ = {isa = PBXBuildFile; fileRef = B07A2C36215A0A2D002EFE87 /* TinyValidation.framework */; };
		B085D8CC219D1E52009F1585 /* TSShippingServiceViewController.swift in Sources */ = {isa = PBXBuildFile; fileRef = B085D8CB219D1E52009F1585 /* TSShippingServiceViewController.swift */; };
		B085D8CE219D51B3009F1585 /* ShippingServiceListViewController.swift in Sources */ = {isa = PBXBuildFile; fileRef = B085D8CD219D51B3009F1585 /* ShippingServiceListViewController.swift */; };
		B085D8D2219D5A04009F1585 /* ShippingServiceElementCollection.swift in Sources */ = {isa = PBXBuildFile; fileRef = B085D8D1219D5A04009F1585 /* ShippingServiceElementCollection.swift */; };
		B085D8D4219D5AC4009F1585 /* ShippingServiceController.swift in Sources */ = {isa = PBXBuildFile; fileRef = B085D8D3219D5AC4009F1585 /* ShippingServiceController.swift */; };
		B085D8D6219D5AE9009F1585 /* CurrencyFormatter.swift in Sources */ = {isa = PBXBuildFile; fileRef = B085D8D5219D5AE9009F1585 /* CurrencyFormatter.swift */; };
		B085D8D8219D5B00009F1585 /* DefaultCurrencyFormatter.swift in Sources */ = {isa = PBXBuildFile; fileRef = B085D8D7219D5B00009F1585 /* DefaultCurrencyFormatter.swift */; };
		B085D8DC219EA13B009F1585 /* TSShippingDestinationCardNibView.swift in Sources */ = {isa = PBXBuildFile; fileRef = B085D8DB219EA13A009F1585 /* TSShippingDestinationCardNibView.swift */; };
		B085D8DE219EA15B009F1585 /* TSShippingDestinationCardNibView.xib in Resources */ = {isa = PBXBuildFile; fileRef = B085D8DD219EA15B009F1585 /* TSShippingDestinationCardNibView.xib */; };
		B085D8E0219EAB51009F1585 /* TSShippingDestinationCardViewController.swift in Sources */ = {isa = PBXBuildFile; fileRef = B085D8DF219EAB51009F1585 /* TSShippingDestinationCardViewController.swift */; };
		B085D8E2219EB9AA009F1585 /* TSShippingViewController.swift in Sources */ = {isa = PBXBuildFile; fileRef = B085D8E1219EB9AA009F1585 /* TSShippingViewController.swift */; };
		B0A069FA21897FED00BA4CA5 /* TSCartItemNibView.swift in Sources */ = {isa = PBXBuildFile; fileRef = B0A069F921897FED00BA4CA5 /* TSCartItemNibView.swift */; };
		B0A069FE2189947400BA4CA5 /* TSStepper.swift in Sources */ = {isa = PBXBuildFile; fileRef = B0A069FD2189947400BA4CA5 /* TSStepper.swift */; };
		B0A06A002189948200BA4CA5 /* TSStepper.xib in Resources */ = {isa = PBXBuildFile; fileRef = B0A069FF2189948200BA4CA5 /* TSStepper.xib */; };
		B0A06A022189A01500BA4CA5 /* UINibWrapperView.swift in Sources */ = {isa = PBXBuildFile; fileRef = B0A06A012189A01500BA4CA5 /* UINibWrapperView.swift */; };
		B0B0EC3621BA522000924829 /* TSSectionHeaderView.swift in Sources */ = {isa = PBXBuildFile; fileRef = B0B0EC3521BA522000924829 /* TSSectionHeaderView.swift */; };
		B0C8C33D21BFEACA00DED5BF /* TSCartItemNibView.xib in Resources */ = {isa = PBXBuildFile; fileRef = B0C8C33C21BFEACA00DED5BF /* TSCartItemNibView.xib */; };
		B0C8C35A21C1EF2F00DED5BF /* ShippingServiceListTests.swift in Sources */ = {isa = PBXBuildFile; fileRef = B0C8C35821C1EEFB00DED5BF /* ShippingServiceListTests.swift */; };
		B0D46D0321BF669600B95373 /* ShippingAddress.swift in Sources */ = {isa = PBXBuildFile; fileRef = B0D46D0221BF669600B95373 /* ShippingAddress.swift */; };
		B0D46D0521BF66BB00B95373 /* ShippingRecipient.swift in Sources */ = {isa = PBXBuildFile; fileRef = B0D46D0421BF66BB00B95373 /* ShippingRecipient.swift */; };
		B0D46D0921BF961100B95373 /* DefaultShippingRecipient.swift in Sources */ = {isa = PBXBuildFile; fileRef = B0D46D0821BF961100B95373 /* DefaultShippingRecipient.swift */; };
		B0D46D0D21BFDAEC00B95373 /* DefaultShippingAddress.swift in Sources */ = {isa = PBXBuildFile; fileRef = B0D46D0C21BFDAEC00B95373 /* DefaultShippingAddress.swift */; };
		B0F51CC12158773A00B592F5 /* TinyStore.h in Headers */ = {isa = PBXBuildFile; fileRef = B0F51CBF2158773A00B592F5 /* TinyStore.h */; settings = {ATTRIBUTES = (Public, ); }; };
		B0F51CCF215878F800B592F5 /* TinyStore.framework in Frameworks */ = {isa = PBXBuildFile; fileRef = B0F51CBC2158773A00B592F5 /* TinyStore.framework */; };
		B0F51CDE21587F2D00B592F5 /* FormFieldTests.swift in Sources */ = {isa = PBXBuildFile; fileRef = B0F51CDC21587F2B00B592F5 /* FormFieldTests.swift */; };
/* End PBXBuildFile section */

/* Begin PBXContainerItemProxy section */
		B0F51CD0215878F800B592F5 /* PBXContainerItemProxy */ = {
			isa = PBXContainerItemProxy;
			containerPortal = B0F51CB12158772000B592F5 /* Project object */;
			proxyType = 1;
			remoteGlobalIDString = B0F51CBB2158773A00B592F5;
			remoteInfo = TinyStore;
		};
/* End PBXContainerItemProxy section */

/* Begin PBXCopyFilesBuildPhase section */
		B03A1C8A215881EB000DC2D8 /* Copy Frameworks */ = {
			isa = PBXCopyFilesBuildPhase;
			buildActionMask = 2147483647;
			dstPath = "";
			dstSubfolderSpec = 10;
			files = (
				B03A1C8B21588220000DC2D8 /* TinyCore.framework in Copy Frameworks */,
				B03A1C8C21588220000DC2D8 /* TinyKit.framework in Copy Frameworks */,
				B03A1C8D21588220000DC2D8 /* TinyStorage.framework in Copy Frameworks */,
			);
			name = "Copy Frameworks";
			runOnlyForDeploymentPostprocessing = 0;
		};
/* End PBXCopyFilesBuildPhase section */

/* Begin PBXFileReference section */
		B0112389215DDF2A00A905E3 /* XCTUnwrapped.swift */ = {isa = PBXFileReference; fileEncoding = 4; lastKnownFileType = sourcecode.swift; path = XCTUnwrapped.swift; sourceTree = "<group>"; };
		B011238A215DDF2A00A905E3 /* XCTSuccess.swift */ = {isa = PBXFileReference; fileEncoding = 4; lastKnownFileType = sourcecode.swift; path = XCTSuccess.swift; sourceTree = "<group>"; };
		B011239A215E056600A905E3 /* MessageField.swift */ = {isa = PBXFileReference; lastKnownFileType = sourcecode.swift; path = MessageField.swift; sourceTree = "<group>"; };
		B01123A7215E335300A905E3 /* CartItem.swift */ = {isa = PBXFileReference; lastKnownFileType = sourcecode.swift; path = CartItem.swift; sourceTree = "<group>"; };
		B017706021BA85FC003C49DB /* UIKeyboardController.swift */ = {isa = PBXFileReference; fileEncoding = 4; lastKnownFileType = sourcecode.swift; path = UIKeyboardController.swift; sourceTree = "<group>"; };
		B020D4F42195350200EC93E3 /* CartItemController.swift */ = {isa = PBXFileReference; lastKnownFileType = sourcecode.swift; path = CartItemController.swift; sourceTree = "<group>"; };
		B020D4F821955D3400EC93E3 /* CheckoutCart.swift */ = {isa = PBXFileReference; lastKnownFileType = sourcecode.swift; path = CheckoutCart.swift; sourceTree = "<group>"; };
		B020D4FC219AB78900EC93E3 /* CheckoutDashboard.swift */ = {isa = PBXFileReference; lastKnownFileType = sourcecode.swift; path = CheckoutDashboard.swift; sourceTree = "<group>"; };
		B020D4FF219AC49500EC93E3 /* ShippingService.swift */ = {isa = PBXFileReference; lastKnownFileType = sourcecode.swift; path = ShippingService.swift; sourceTree = "<group>"; };
		B020D501219AC51800EC93E3 /* TSShippingServiceNibView.swift */ = {isa = PBXFileReference; lastKnownFileType = sourcecode.swift; path = TSShippingServiceNibView.swift; sourceTree = "<group>"; };
		B020D503219AC53300EC93E3 /* TSShippingServiceNibView.xib */ = {isa = PBXFileReference; lastKnownFileType = file.xib; path = TSShippingServiceNibView.xib; sourceTree = "<group>"; };
		B02A19F321BA58FE00072154 /* TSShippingDestinationEditorAddressNibView.swift */ = {isa = PBXFileReference; lastKnownFileType = sourcecode.swift; path = TSShippingDestinationEditorAddressNibView.swift; sourceTree = "<group>"; };
		B02A19F521BA593000072154 /* TSShippingDestinationEditorAddressNibView.xib */ = {isa = PBXFileReference; lastKnownFileType = file.xib; path = TSShippingDestinationEditorAddressNibView.xib; sourceTree = "<group>"; };
		B02A19F721BA5AFF00072154 /* TSButton.swift */ = {isa = PBXFileReference; lastKnownFileType = sourcecode.swift; path = TSButton.swift; sourceTree = "<group>"; };
		B02A19F921BA677100072154 /* TSShippingDestinationEditorNibView.swift */ = {isa = PBXFileReference; lastKnownFileType = sourcecode.swift; path = TSShippingDestinationEditorNibView.swift; sourceTree = "<group>"; };
		B02A19FB21BA679800072154 /* TSShippingDestinationEditorNibView.xib */ = {isa = PBXFileReference; lastKnownFileType = file.xib; path = TSShippingDestinationEditorNibView.xib; sourceTree = "<group>"; };
		B02B0244218AF85900772118 /* TSCartItemViewController.swift */ = {isa = PBXFileReference; lastKnownFileType = sourcecode.swift; path = TSCartItemViewController.swift; sourceTree = "<group>"; };
		B02B0248218B0A4700772118 /* Assets.xcassets */ = {isa = PBXFileReference; lastKnownFileType = folder.assetcatalog; path = Assets.xcassets; sourceTree = "<group>"; };
		B02B024F218BD5F100772118 /* TSSelectionView.swift */ = {isa = PBXFileReference; lastKnownFileType = sourcecode.swift; path = TSSelectionView.swift; sourceTree = "<group>"; };
		B03A1C7E21587FF7000DC2D8 /* TinyCore.framework */ = {isa = PBXFileReference; explicitFileType = wrapper.framework; path = TinyCore.framework; sourceTree = BUILT_PRODUCTS_DIR; };
		B03A1C8021587FF7000DC2D8 /* TinyKit.framework */ = {isa = PBXFileReference; explicitFileType = wrapper.framework; path = TinyKit.framework; sourceTree = BUILT_PRODUCTS_DIR; };
		B03A1C8221587FF7000DC2D8 /* TinyStorage.framework */ = {isa = PBXFileReference; explicitFileType = wrapper.framework; path = TinyStorage.framework; sourceTree = BUILT_PRODUCTS_DIR; };
		B03A1C8421588192000DC2D8 /* TinyCore.framework */ = {isa = PBXFileReference; explicitFileType = wrapper.framework; path = TinyCore.framework; sourceTree = BUILT_PRODUCTS_DIR; };
		B03A1C8621588192000DC2D8 /* TinyKit.framework */ = {isa = PBXFileReference; explicitFileType = wrapper.framework; path = TinyKit.framework; sourceTree = BUILT_PRODUCTS_DIR; };
		B03A1C8821588192000DC2D8 /* TinyStorage.framework */ = {isa = PBXFileReference; explicitFileType = wrapper.framework; path = TinyStorage.framework; sourceTree = BUILT_PRODUCTS_DIR; };
		B043A05521ABE7E200CF296A /* UIAddressCityPickerViewController.swift */ = {isa = PBXFileReference; lastKnownFileType = sourcecode.swift; path = UIAddressCityPickerViewController.swift; sourceTree = "<group>"; };
		B043A29E21AFC77A00CF296A /* AddressState.swift */ = {isa = PBXFileReference; lastKnownFileType = sourcecode.swift; path = AddressState.swift; sourceTree = "<group>"; };
		B04C929C21A41F340009B607 /* DSL.swift */ = {isa = PBXFileReference; lastKnownFileType = sourcecode.swift; path = DSL.swift; sourceTree = "<group>"; };
		B04C929E21A66F9D0009B607 /* UIDashboardSubTextFieldController.swift */ = {isa = PBXFileReference; lastKnownFileType = sourcecode.swift; path = UIDashboardSubTextFieldController.swift; sourceTree = "<group>"; };
		B04C92A021A6772E0009B607 /* DashboardRow.swift */ = {isa = PBXFileReference; lastKnownFileType = sourcecode.swift; path = DashboardRow.swift; sourceTree = "<group>"; };
		B04C92A221A677530009B607 /* DashboardRowController.swift */ = {isa = PBXFileReference; lastKnownFileType = sourcecode.swift; path = DashboardRowController.swift; sourceTree = "<group>"; };
		B04C92A421A6834F0009B607 /* UIDashboardActionButtonController.swift */ = {isa = PBXFileReference; lastKnownFileType = sourcecode.swift; path = UIDashboardActionButtonController.swift; sourceTree = "<group>"; };
		B04C92A621A686210009B607 /* DashboardAction.swift */ = {isa = PBXFileReference; lastKnownFileType = sourcecode.swift; path = DashboardAction.swift; sourceTree = "<group>"; };
		B04C92A821A686F20009B607 /* DashboardActionController.swift */ = {isa = PBXFileReference; lastKnownFileType = sourcecode.swift; path = DashboardActionController.swift; sourceTree = "<group>"; };
		B0697F1021B7B30300D05D6E /* TSPriceView.swift */ = {isa = PBXFileReference; lastKnownFileType = sourcecode.swift; path = TSPriceView.swift; sourceTree = "<group>"; };
		B0697F1421B7E0A700D05D6E /* PostalCode.swift */ = {isa = PBXFileReference; lastKnownFileType = sourcecode.swift; path = PostalCode.swift; sourceTree = "<group>"; };
		B0697F1621B8D46A00D05D6E /* ShippingDestinationEditorController.swift */ = {isa = PBXFileReference; lastKnownFileType = sourcecode.swift; path = ShippingDestinationEditorController.swift; sourceTree = "<group>"; };
		B0697F2021B8E3A600D05D6E /* TaiwanCity.swift */ = {isa = PBXFileReference; lastKnownFileType = sourcecode.swift; path = TaiwanCity.swift; sourceTree = "<group>"; };
		B0697F2221B8E3B500D05D6E /* TaiwanPostalCode.swift */ = {isa = PBXFileReference; lastKnownFileType = sourcecode.swift; path = TaiwanPostalCode.swift; sourceTree = "<group>"; };
		B0697F3521BA06A400D05D6E /* TSTextFieldNibView.swift */ = {isa = PBXFileReference; lastKnownFileType = sourcecode.swift; path = TSTextFieldNibView.swift; sourceTree = "<group>"; };
		B0697F3721BA075000D05D6E /* TSTextFieldNibView.xib */ = {isa = PBXFileReference; lastKnownFileType = file.xib; path = TSTextFieldNibView.xib; sourceTree = "<group>"; };
		B0697F3A21BA0C1900D05D6E /* TSTextField.swift */ = {isa = PBXFileReference; fileEncoding = 4; lastKnownFileType = sourcecode.swift; path = TSTextField.swift; sourceTree = "<group>"; };
		B0697F3C21BA23B800D05D6E /* TSShippingDestinationEditorController.swift */ = {isa = PBXFileReference; lastKnownFileType = sourcecode.swift; path = TSShippingDestinationEditorController.swift; sourceTree = "<group>"; };
		B0697F3E21BA23F700D05D6E /* TSShippingDestinationEditorRecipientNibView.swift */ = {isa = PBXFileReference; lastKnownFileType = sourcecode.swift; path = TSShippingDestinationEditorRecipientNibView.swift; sourceTree = "<group>"; };
		B0697F4021BA243F00D05D6E /* TSShippingDestinationEditorRecipientNibView.xib */ = {isa = PBXFileReference; lastKnownFileType = file.xib; path = TSShippingDestinationEditorRecipientNibView.xib; sourceTree = "<group>"; };
		B0772EBB218BF2720082C055 /* CheckoutCartViewController.swift */ = {isa = PBXFileReference; lastKnownFileType = sourcecode.swift; path = CheckoutCartViewController.swift; sourceTree = "<group>"; };
		B0772EBF218C2B220082C055 /* Apparel.swift */ = {isa = PBXFileReference; lastKnownFileType = sourcecode.swift; path = Apparel.swift; sourceTree = "<group>"; };
		B0772EC3218C39AF0082C055 /* UIDashboardSubTextField.swift */ = {isa = PBXFileReference; lastKnownFileType = sourcecode.swift; path = UIDashboardSubTextField.swift; sourceTree = "<group>"; };
		B0772EC5218C39D70082C055 /* UIDashboardSubTextField.xib */ = {isa = PBXFileReference; lastKnownFileType = file.xib; path = UIDashboardSubTextField.xib; sourceTree = "<group>"; };
		B0772EC7218C419A0082C055 /* UICheckoutDashboardMainTextField.swift */ = {isa = PBXFileReference; lastKnownFileType = sourcecode.swift; path = UICheckoutDashboardMainTextField.swift; sourceTree = "<group>"; };
		B0772EC9218C41CB0082C055 /* UICheckoutDashboardMainTextField.xib */ = {isa = PBXFileReference; lastKnownFileType = file.xib; path = UICheckoutDashboardMainTextField.xib; sourceTree = "<group>"; };
		B0772ECB218C45E10082C055 /* UICheckoutDashboardButtonWrapperView.swift */ = {isa = PBXFileReference; lastKnownFileType = sourcecode.swift; path = UICheckoutDashboardButtonWrapperView.swift; sourceTree = "<group>"; };
		B0772ECD218C46070082C055 /* UICheckoutDashboardButtonWrapperView.xib */ = {isa = PBXFileReference; lastKnownFileType = file.xib; path = UICheckoutDashboardButtonWrapperView.xib; sourceTree = "<group>"; };
		B0772ECF218C49520082C055 /* TSCheckoutNibView.xib */ = {isa = PBXFileReference; lastKnownFileType = file.xib; path = TSCheckoutNibView.xib; sourceTree = "<group>"; };
		B0772ED1218C4A310082C055 /* TSCheckoutNibView.swift */ = {isa = PBXFileReference; lastKnownFileType = sourcecode.swift; path = TSCheckoutNibView.swift; sourceTree = "<group>"; };
		B0772ED3218C4B630082C055 /* UIDashboardViewController.swift */ = {isa = PBXFileReference; lastKnownFileType = sourcecode.swift; path = UIDashboardViewController.swift; sourceTree = "<group>"; };
		B0772ED5218C4CC60082C055 /* TSCheckoutViewController.swift */ = {isa = PBXFileReference; lastKnownFileType = sourcecode.swift; path = TSCheckoutViewController.swift; sourceTree = "<group>"; };
		B07A2BCF2159DE73002EFE87 /* TinyCore.framework */ = {isa = PBXFileReference; explicitFileType = wrapper.framework; path = TinyCore.framework; sourceTree = BUILT_PRODUCTS_DIR; };
		B07A2BD12159DE73002EFE87 /* TinyKit.framework */ = {isa = PBXFileReference; explicitFileType = wrapper.framework; path = TinyKit.framework; sourceTree = BUILT_PRODUCTS_DIR; };
		B07A2BD32159DE73002EFE87 /* TinyStorage.framework */ = {isa = PBXFileReference; explicitFileType = wrapper.framework; path = TinyStorage.framework; sourceTree = BUILT_PRODUCTS_DIR; };
		B07A2C36215A0A2D002EFE87 /* TinyValidation.framework */ = {isa = PBXFileReference; explicitFileType = wrapper.framework; path = TinyValidation.framework; sourceTree = BUILT_PRODUCTS_DIR; };
		B085D8CB219D1E52009F1585 /* TSShippingServiceViewController.swift */ = {isa = PBXFileReference; lastKnownFileType = sourcecode.swift; path = TSShippingServiceViewController.swift; sourceTree = "<group>"; };
		B085D8CD219D51B3009F1585 /* ShippingServiceListViewController.swift */ = {isa = PBXFileReference; lastKnownFileType = sourcecode.swift; path = ShippingServiceListViewController.swift; sourceTree = "<group>"; };
		B085D8D1219D5A04009F1585 /* ShippingServiceElementCollection.swift */ = {isa = PBXFileReference; lastKnownFileType = sourcecode.swift; path = ShippingServiceElementCollection.swift; sourceTree = "<group>"; };
		B085D8D3219D5AC4009F1585 /* ShippingServiceController.swift */ = {isa = PBXFileReference; lastKnownFileType = sourcecode.swift; path = ShippingServiceController.swift; sourceTree = "<group>"; };
		B085D8D5219D5AE9009F1585 /* CurrencyFormatter.swift */ = {isa = PBXFileReference; lastKnownFileType = sourcecode.swift; path = CurrencyFormatter.swift; sourceTree = "<group>"; };
		B085D8D7219D5B00009F1585 /* DefaultCurrencyFormatter.swift */ = {isa = PBXFileReference; lastKnownFileType = sourcecode.swift; path = DefaultCurrencyFormatter.swift; sourceTree = "<group>"; };
		B085D8DB219EA13A009F1585 /* TSShippingDestinationCardNibView.swift */ = {isa = PBXFileReference; lastKnownFileType = sourcecode.swift; path = TSShippingDestinationCardNibView.swift; sourceTree = "<group>"; };
		B085D8DD219EA15B009F1585 /* TSShippingDestinationCardNibView.xib */ = {isa = PBXFileReference; lastKnownFileType = file.xib; path = TSShippingDestinationCardNibView.xib; sourceTree = "<group>"; };
		B085D8DF219EAB51009F1585 /* TSShippingDestinationCardViewController.swift */ = {isa = PBXFileReference; lastKnownFileType = sourcecode.swift; path = TSShippingDestinationCardViewController.swift; sourceTree = "<group>"; };
		B085D8E1219EB9AA009F1585 /* TSShippingViewController.swift */ = {isa = PBXFileReference; lastKnownFileType = sourcecode.swift; path = TSShippingViewController.swift; sourceTree = "<group>"; };
		B0A069F921897FED00BA4CA5 /* TSCartItemNibView.swift */ = {isa = PBXFileReference; lastKnownFileType = sourcecode.swift; path = TSCartItemNibView.swift; sourceTree = "<group>"; };
		B0A069FD2189947400BA4CA5 /* TSStepper.swift */ = {isa = PBXFileReference; lastKnownFileType = sourcecode.swift; path = TSStepper.swift; sourceTree = "<group>"; };
		B0A069FF2189948200BA4CA5 /* TSStepper.xib */ = {isa = PBXFileReference; lastKnownFileType = file.xib; path = TSStepper.xib; sourceTree = "<group>"; };
		B0A06A012189A01500BA4CA5 /* UINibWrapperView.swift */ = {isa = PBXFileReference; lastKnownFileType = sourcecode.swift; path = UINibWrapperView.swift; sourceTree = "<group>"; };
		B0B0EC3521BA522000924829 /* TSSectionHeaderView.swift */ = {isa = PBXFileReference; lastKnownFileType = sourcecode.swift; path = TSSectionHeaderView.swift; sourceTree = "<group>"; };
		B0C8C33C21BFEACA00DED5BF /* TSCartItemNibView.xib */ = {isa = PBXFileReference; fileEncoding = 4; lastKnownFileType = file.xib; path = TSCartItemNibView.xib; sourceTree = "<group>"; };
		B0C8C35821C1EEFB00DED5BF /* ShippingServiceListTests.swift */ = {isa = PBXFileReference; lastKnownFileType = sourcecode.swift; path = ShippingServiceListTests.swift; sourceTree = "<group>"; };
		B0D46D0221BF669600B95373 /* ShippingAddress.swift */ = {isa = PBXFileReference; lastKnownFileType = sourcecode.swift; path = ShippingAddress.swift; sourceTree = "<group>"; };
		B0D46D0421BF66BB00B95373 /* ShippingRecipient.swift */ = {isa = PBXFileReference; lastKnownFileType = sourcecode.swift; path = ShippingRecipient.swift; sourceTree = "<group>"; };
		B0D46D0821BF961100B95373 /* DefaultShippingRecipient.swift */ = {isa = PBXFileReference; lastKnownFileType = sourcecode.swift; path = DefaultShippingRecipient.swift; sourceTree = "<group>"; };
		B0D46D0C21BFDAEC00B95373 /* DefaultShippingAddress.swift */ = {isa = PBXFileReference; lastKnownFileType = sourcecode.swift; path = DefaultShippingAddress.swift; sourceTree = "<group>"; };
		B0F51CBC2158773A00B592F5 /* TinyStore.framework */ = {isa = PBXFileReference; explicitFileType = wrapper.framework; includeInIndex = 0; path = TinyStore.framework; sourceTree = BUILT_PRODUCTS_DIR; };
		B0F51CBF2158773A00B592F5 /* TinyStore.h */ = {isa = PBXFileReference; lastKnownFileType = sourcecode.c.h; path = TinyStore.h; sourceTree = "<group>"; };
		B0F51CC02158773A00B592F5 /* Info.plist */ = {isa = PBXFileReference; lastKnownFileType = text.plist.xml; path = Info.plist; sourceTree = "<group>"; };
		B0F51CCA215878F800B592F5 /* TinyStoreTests.xctest */ = {isa = PBXFileReference; explicitFileType = wrapper.cfbundle; includeInIndex = 0; path = TinyStoreTests.xctest; sourceTree = BUILT_PRODUCTS_DIR; };
		B0F51CCE215878F800B592F5 /* Info.plist */ = {isa = PBXFileReference; lastKnownFileType = text.plist.xml; path = Info.plist; sourceTree = "<group>"; };
		B0F51CDC21587F2B00B592F5 /* FormFieldTests.swift */ = {isa = PBXFileReference; lastKnownFileType = sourcecode.swift; path = FormFieldTests.swift; sourceTree = "<group>"; };
/* End PBXFileReference section */

/* Begin PBXFrameworksBuildPhase section */
		B0F51CB92158773A00B592F5 /* Frameworks */ = {
			isa = PBXFrameworksBuildPhase;
			buildActionMask = 2147483647;
			files = (
				B07A2C37215A0A2D002EFE87 /* TinyValidation.framework in Frameworks */,
				B03A1C7F21587FF7000DC2D8 /* TinyCore.framework in Frameworks */,
				B03A1C8321587FF7000DC2D8 /* TinyStorage.framework in Frameworks */,
				B03A1C8121587FF7000DC2D8 /* TinyKit.framework in Frameworks */,
			);
			runOnlyForDeploymentPostprocessing = 0;
		};
		B0F51CC7215878F800B592F5 /* Frameworks */ = {
			isa = PBXFrameworksBuildPhase;
			buildActionMask = 2147483647;
			files = (
				B03A1C8521588192000DC2D8 /* TinyCore.framework in Frameworks */,
				B03A1C8721588192000DC2D8 /* TinyKit.framework in Frameworks */,
				B03A1C8921588192000DC2D8 /* TinyStorage.framework in Frameworks */,
				B0F51CCF215878F800B592F5 /* TinyStore.framework in Frameworks */,
			);
			runOnlyForDeploymentPostprocessing = 0;
		};
/* End PBXFrameworksBuildPhase section */

/* Begin PBXGroup section */
		B0112388215DDF2A00A905E3 /* Helpers */ = {
			isa = PBXGroup;
			children = (
				B0112389215DDF2A00A905E3 /* XCTUnwrapped.swift */,
				B011238A215DDF2A00A905E3 /* XCTSuccess.swift */,
			);
			path = Helpers;
			sourceTree = "<group>";
		};
		B020D4FE219AC45D00EC93E3 /* Shipping */ = {
			isa = PBXGroup;
			children = (
				B04C929B21A41A8F0009B607 /* Service */,
				B043A05421ABE76000CF296A /* Destination */,
				B085D8E1219EB9AA009F1585 /* TSShippingViewController.swift */,
			);
			path = Shipping;
			sourceTree = "<group>";
		};
		B043A05421ABE76000CF296A /* Destination */ = {
			isa = PBXGroup;
			children = (
				B0D46D0B21BF9EF100B95373 /* Card */,
				B0D46D0A21BF9E3600B95373 /* Editor */,
				B0D46D0421BF66BB00B95373 /* ShippingRecipient.swift */,
				B0D46D0821BF961100B95373 /* DefaultShippingRecipient.swift */,
				B0D46D0221BF669600B95373 /* ShippingAddress.swift */,
				B0D46D0C21BFDAEC00B95373 /* DefaultShippingAddress.swift */,
				B043A05521ABE7E200CF296A /* UIAddressCityPickerViewController.swift */,
				B0697F1621B8D46A00D05D6E /* ShippingDestinationEditorController.swift */,
				B0697F1421B7E0A700D05D6E /* PostalCode.swift */,
				B043A29E21AFC77A00CF296A /* AddressState.swift */,
				B0697F2021B8E3A600D05D6E /* TaiwanCity.swift */,
				B0697F2221B8E3B500D05D6E /* TaiwanPostalCode.swift */,
			);
			path = Destination;
			sourceTree = "<group>";
		};
		B04C929A21A41A2D0009B607 /* Cart */ = {
			isa = PBXGroup;
			children = (
				B0B5D438215F418C0093EE01 /* Item */,
				B0772EBB218BF2720082C055 /* CheckoutCartViewController.swift */,
				B020D4F821955D3400EC93E3 /* CheckoutCart.swift */,
				B0772ED5218C4CC60082C055 /* TSCheckoutViewController.swift */,
				B0772ED1218C4A310082C055 /* TSCheckoutNibView.swift */,
				B0772ECF218C49520082C055 /* TSCheckoutNibView.xib */,
			);
			path = Cart;
			sourceTree = "<group>";
		};
		B04C929B21A41A8F0009B607 /* Service */ = {
			isa = PBXGroup;
			children = (
				B085D8CD219D51B3009F1585 /* ShippingServiceListViewController.swift */,
				B085D8D1219D5A04009F1585 /* ShippingServiceElementCollection.swift */,
				B085D8D3219D5AC4009F1585 /* ShippingServiceController.swift */,
				B020D4FF219AC49500EC93E3 /* ShippingService.swift */,
				B085D8CB219D1E52009F1585 /* TSShippingServiceViewController.swift */,
				B020D501219AC51800EC93E3 /* TSShippingServiceNibView.swift */,
				B020D503219AC53300EC93E3 /* TSShippingServiceNibView.xib */,
			);
			path = Service;
			sourceTree = "<group>";
		};
		B04C92AA21A68C2D0009B607 /* Dashboard */ = {
			isa = PBXGroup;
			children = (
				B020D4FC219AB78900EC93E3 /* CheckoutDashboard.swift */,
				B0772ED3218C4B630082C055 /* UIDashboardViewController.swift */,
				B04C92A221A677530009B607 /* DashboardRowController.swift */,
				B04C92A021A6772E0009B607 /* DashboardRow.swift */,
				B04C929E21A66F9D0009B607 /* UIDashboardSubTextFieldController.swift */,
				B0772EC3218C39AF0082C055 /* UIDashboardSubTextField.swift */,
				B0772EC5218C39D70082C055 /* UIDashboardSubTextField.xib */,
				B04C92A821A686F20009B607 /* DashboardActionController.swift */,
				B04C92A621A686210009B607 /* DashboardAction.swift */,
				B04C92A421A6834F0009B607 /* UIDashboardActionButtonController.swift */,
				B0772ECB218C45E10082C055 /* UICheckoutDashboardButtonWrapperView.swift */,
				B0772ECD218C46070082C055 /* UICheckoutDashboardButtonWrapperView.xib */,
				B0772EC7218C419A0082C055 /* UICheckoutDashboardMainTextField.swift */,
				B0772EC9218C41CB0082C055 /* UICheckoutDashboardMainTextField.xib */,
			);
			path = Dashboard;
			sourceTree = "<group>";
		};
		B0A1C4112158B0AA00DC9F26 /* Checkout */ = {
			isa = PBXGroup;
			children = (
				B0C8C33B21BFE58400DED5BF /* Common */,
				B04C929A21A41A2D0009B607 /* Cart */,
				B04C92AA21A68C2D0009B607 /* Dashboard */,
				B020D4FE219AC45D00EC93E3 /* Shipping */,
				B085D8D5219D5AE9009F1585 /* CurrencyFormatter.swift */,
				B085D8D7219D5B00009F1585 /* DefaultCurrencyFormatter.swift */,
				B0A06A012189A01500BA4CA5 /* UINibWrapperView.swift */,
				B04C929C21A41F340009B607 /* DSL.swift */,
				B017706021BA85FC003C49DB /* UIKeyboardController.swift */,
			);
			path = Checkout;
			sourceTree = "<group>";
		};
		B0B5D438215F418C0093EE01 /* Item */ = {
			isa = PBXGroup;
			children = (
				B020D4F42195350200EC93E3 /* CartItemController.swift */,
				B01123A7215E335300A905E3 /* CartItem.swift */,
				B0772EBF218C2B220082C055 /* Apparel.swift */,
				B02B0244218AF85900772118 /* TSCartItemViewController.swift */,
				B0A069F921897FED00BA4CA5 /* TSCartItemNibView.swift */,
				B0C8C33C21BFEACA00DED5BF /* TSCartItemNibView.xib */,
			);
			path = Item;
			sourceTree = "<group>";
		};
		B0C8C33B21BFE58400DED5BF /* Common */ = {
			isa = PBXGroup;
			children = (
				B02A19F721BA5AFF00072154 /* TSButton.swift */,
				B0B0EC3521BA522000924829 /* TSSectionHeaderView.swift */,
				B0697F3A21BA0C1900D05D6E /* TSTextField.swift */,
				B0697F3521BA06A400D05D6E /* TSTextFieldNibView.swift */,
				B0697F3721BA075000D05D6E /* TSTextFieldNibView.xib */,
				B0A069FD2189947400BA4CA5 /* TSStepper.swift */,
				B0A069FF2189948200BA4CA5 /* TSStepper.xib */,
				B02B024F218BD5F100772118 /* TSSelectionView.swift */,
				B0697F1021B7B30300D05D6E /* TSPriceView.swift */,
			);
			path = Common;
			sourceTree = "<group>";
		};
		B0D46D0A21BF9E3600B95373 /* Editor */ = {
			isa = PBXGroup;
			children = (
				B0697F3C21BA23B800D05D6E /* TSShippingDestinationEditorController.swift */,
				B02A19F921BA677100072154 /* TSShippingDestinationEditorNibView.swift */,
				B02A19FB21BA679800072154 /* TSShippingDestinationEditorNibView.xib */,
				B0697F3E21BA23F700D05D6E /* TSShippingDestinationEditorRecipientNibView.swift */,
				B0697F4021BA243F00D05D6E /* TSShippingDestinationEditorRecipientNibView.xib */,
				B02A19F321BA58FE00072154 /* TSShippingDestinationEditorAddressNibView.swift */,
				B02A19F521BA593000072154 /* TSShippingDestinationEditorAddressNibView.xib */,
			);
			path = Editor;
			sourceTree = "<group>";
		};
		B0D46D0B21BF9EF100B95373 /* Card */ = {
			isa = PBXGroup;
			children = (
				B085D8DF219EAB51009F1585 /* TSShippingDestinationCardViewController.swift */,
				B085D8DB219EA13A009F1585 /* TSShippingDestinationCardNibView.swift */,
				B085D8DD219EA15B009F1585 /* TSShippingDestinationCardNibView.xib */,
			);
			path = Card;
			sourceTree = "<group>";
		};
		B0F51CB02158772000B592F5 = {
			isa = PBXGroup;
			children = (
				B0F51CBE2158773A00B592F5 /* Sources */,
				B0F51CCB215878F800B592F5 /* Tests */,
				B0F51CBD2158773A00B592F5 /* Products */,
				B0F51CD5215879DF00B592F5 /* Frameworks */,
			);
			sourceTree = "<group>";
		};
		B0F51CBD2158773A00B592F5 /* Products */ = {
			isa = PBXGroup;
			children = (
				B0F51CBC2158773A00B592F5 /* TinyStore.framework */,
				B0F51CCA215878F800B592F5 /* TinyStoreTests.xctest */,
			);
			name = Products;
			sourceTree = "<group>";
		};
		B0F51CBE2158773A00B592F5 /* Sources */ = {
			isa = PBXGroup;
			children = (
				B0F51CC52158778C00B592F5 /* iOS */,
				B0A1C4112158B0AA00DC9F26 /* Checkout */,
				B02B0248218B0A4700772118 /* Assets.xcassets */,
			);
			path = Sources;
			sourceTree = "<group>";
		};
		B0F51CC52158778C00B592F5 /* iOS */ = {
			isa = PBXGroup;
			children = (
				B0F51CBF2158773A00B592F5 /* TinyStore.h */,
				B0F51CC02158773A00B592F5 /* Info.plist */,
			);
			path = iOS;
			sourceTree = "<group>";
		};
		B0F51CCB215878F800B592F5 /* Tests */ = {
			isa = PBXGroup;
			children = (
				B0112388215DDF2A00A905E3 /* Helpers */,
				B0C8C35821C1EEFB00DED5BF /* ShippingServiceListTests.swift */,
				B0F51CDC21587F2B00B592F5 /* FormFieldTests.swift */,
				B011239A215E056600A905E3 /* MessageField.swift */,
				B0F51CCE215878F800B592F5 /* Info.plist */,
			);
			path = Tests;
			sourceTree = "<group>";
		};
		B0F51CD5215879DF00B592F5 /* Frameworks */ = {
			isa = PBXGroup;
			children = (
				B07A2C36215A0A2D002EFE87 /* TinyValidation.framework */,
				B07A2BCF2159DE73002EFE87 /* TinyCore.framework */,
				B07A2BD12159DE73002EFE87 /* TinyKit.framework */,
				B07A2BD32159DE73002EFE87 /* TinyStorage.framework */,
				B03A1C8421588192000DC2D8 /* TinyCore.framework */,
				B03A1C8621588192000DC2D8 /* TinyKit.framework */,
				B03A1C8821588192000DC2D8 /* TinyStorage.framework */,
				B03A1C7E21587FF7000DC2D8 /* TinyCore.framework */,
				B03A1C8021587FF7000DC2D8 /* TinyKit.framework */,
				B03A1C8221587FF7000DC2D8 /* TinyStorage.framework */,
			);
			name = Frameworks;
			sourceTree = "<group>";
		};
/* End PBXGroup section */

/* Begin PBXHeadersBuildPhase section */
		B0F51CB72158773A00B592F5 /* Headers */ = {
			isa = PBXHeadersBuildPhase;
			buildActionMask = 2147483647;
			files = (
				B0F51CC12158773A00B592F5 /* TinyStore.h in Headers */,
			);
			runOnlyForDeploymentPostprocessing = 0;
		};
/* End PBXHeadersBuildPhase section */

/* Begin PBXNativeTarget section */
		B0F51CBB2158773A00B592F5 /* TinyStore iOS */ = {
			isa = PBXNativeTarget;
			buildConfigurationList = B0F51CC22158773A00B592F5 /* Build configuration list for PBXNativeTarget "TinyStore iOS" */;
			buildPhases = (
				B0F51CB72158773A00B592F5 /* Headers */,
				B0F51CB82158773A00B592F5 /* Sources */,
				B0F51CB92158773A00B592F5 /* Frameworks */,
				B0F51CBA2158773A00B592F5 /* Resources */,
			);
			buildRules = (
			);
			dependencies = (
			);
			name = "TinyStore iOS";
			productName = TinyStore;
			productReference = B0F51CBC2158773A00B592F5 /* TinyStore.framework */;
			productType = "com.apple.product-type.framework";
		};
		B0F51CC9215878F800B592F5 /* TinyStoreTests iOS */ = {
			isa = PBXNativeTarget;
			buildConfigurationList = B0F51CD2215878F800B592F5 /* Build configuration list for PBXNativeTarget "TinyStoreTests iOS" */;
			buildPhases = (
				B0F51CC6215878F800B592F5 /* Sources */,
				B0F51CC7215878F800B592F5 /* Frameworks */,
				B0F51CC8215878F800B592F5 /* Resources */,
				B03A1C8A215881EB000DC2D8 /* Copy Frameworks */,
			);
			buildRules = (
			);
			dependencies = (
				B0F51CD1215878F800B592F5 /* PBXTargetDependency */,
			);
			name = "TinyStoreTests iOS";
			productName = TinyStoreTests;
			productReference = B0F51CCA215878F800B592F5 /* TinyStoreTests.xctest */;
			productType = "com.apple.product-type.bundle.unit-test";
		};
/* End PBXNativeTarget section */

/* Begin PBXProject section */
		B0F51CB12158772000B592F5 /* Project object */ = {
			isa = PBXProject;
			attributes = {
				LastSwiftUpdateCheck = 1000;
				LastUpgradeCheck = 1010;
				TargetAttributes = {
					B0F51CBB2158773A00B592F5 = {
						CreatedOnToolsVersion = 10.0;
						LastSwiftMigration = 1000;
					};
					B0F51CC9215878F800B592F5 = {
						CreatedOnToolsVersion = 10.0;
					};
				};
			};
			buildConfigurationList = B0F51CB42158772000B592F5 /* Build configuration list for PBXProject "TinyStore" */;
			compatibilityVersion = "Xcode 9.3";
			developmentRegion = en;
			hasScannedForEncodings = 0;
			knownRegions = (
				en,
			);
			mainGroup = B0F51CB02158772000B592F5;
			productRefGroup = B0F51CBD2158773A00B592F5 /* Products */;
			projectDirPath = "";
			projectRoot = "";
			targets = (
				B0F51CBB2158773A00B592F5 /* TinyStore iOS */,
				B0F51CC9215878F800B592F5 /* TinyStoreTests iOS */,
			);
		};
/* End PBXProject section */

/* Begin PBXResourcesBuildPhase section */
		B0F51CBA2158773A00B592F5 /* Resources */ = {
			isa = PBXResourcesBuildPhase;
			buildActionMask = 2147483647;
			files = (
				B0772ECA218C41CB0082C055 /* UICheckoutDashboardMainTextField.xib in Resources */,
				B02A19F621BA593000072154 /* TSShippingDestinationEditorAddressNibView.xib in Resources */,
				B0697F3821BA075000D05D6E /* TSTextFieldNibView.xib in Resources */,
				B0772ED0218C49520082C055 /* TSCheckoutNibView.xib in Resources */,
				B0697F4121BA243F00D05D6E /* TSShippingDestinationEditorRecipientNibView.xib in Resources */,
				B02B0249218B0A4700772118 /* Assets.xcassets in Resources */,
				B0772EC6218C39D70082C055 /* UIDashboardSubTextField.xib in Resources */,
				B085D8DE219EA15B009F1585 /* TSShippingDestinationCardNibView.xib in Resources */,
				B0C8C33D21BFEACA00DED5BF /* TSCartItemNibView.xib in Resources */,
				B0772ECE218C46070082C055 /* UICheckoutDashboardButtonWrapperView.xib in Resources */,
				B0A06A002189948200BA4CA5 /* TSStepper.xib in Resources */,
				B020D504219AC53300EC93E3 /* TSShippingServiceNibView.xib in Resources */,
				B02A19FC21BA679800072154 /* TSShippingDestinationEditorNibView.xib in Resources */,
			);
			runOnlyForDeploymentPostprocessing = 0;
		};
		B0F51CC8215878F800B592F5 /* Resources */ = {
			isa = PBXResourcesBuildPhase;
			buildActionMask = 2147483647;
			files = (
			);
			runOnlyForDeploymentPostprocessing = 0;
		};
/* End PBXResourcesBuildPhase section */

/* Begin PBXSourcesBuildPhase section */
		B0F51CB82158773A00B592F5 /* Sources */ = {
			isa = PBXSourcesBuildPhase;
			buildActionMask = 2147483647;
			files = (
				B0772ECC218C45E10082C055 /* UICheckoutDashboardButtonWrapperView.swift in Sources */,
				B0D46D0921BF961100B95373 /* DefaultShippingRecipient.swift in Sources */,
				B0697F3B21BA0C1900D05D6E /* TSTextField.swift in Sources */,
				B04C92A921A686F20009B607 /* DashboardActionController.swift in Sources */,
				B0697F2121B8E3A600D05D6E /* TaiwanCity.swift in Sources */,
				B0697F3D21BA23B800D05D6E /* TSShippingDestinationEditorController.swift in Sources */,
				B085D8E0219EAB51009F1585 /* TSShippingDestinationCardViewController.swift in Sources */,
				B02B0245218AF85900772118 /* TSCartItemViewController.swift in Sources */,
				B02A19F821BA5AFF00072154 /* TSButton.swift in Sources */,
				B0772EBC218BF2720082C055 /* CheckoutCartViewController.swift in Sources */,
				B0772EDB2193E0F20082C055 /* Apparel.swift in Sources */,
				B085D8E2219EB9AA009F1585 /* TSShippingViewController.swift in Sources */,
				B085D8D6219D5AE9009F1585 /* CurrencyFormatter.swift in Sources */,
				B043A29F21AFC77A00CF296A /* AddressState.swift in Sources */,
				B0772ED2218C4A310082C055 /* TSCheckoutNibView.swift in Sources */,
				B0A06A022189A01500BA4CA5 /* UINibWrapperView.swift in Sources */,
				B02A19F421BA58FE00072154 /* TSShippingDestinationEditorAddressNibView.swift in Sources */,
				B020D500219AC49500EC93E3 /* ShippingService.swift in Sources */,
				B04C92A721A686210009B607 /* DashboardAction.swift in Sources */,
				B0772ED6218C4CC60082C055 /* TSCheckoutViewController.swift in Sources */,
				B0772EC8218C419A0082C055 /* UICheckoutDashboardMainTextField.swift in Sources */,
				B01123A8215E335300A905E3 /* CartItem.swift in Sources */,
				B020D4F921955D3400EC93E3 /* CheckoutCart.swift in Sources */,
				B04C929F21A66F9D0009B607 /* UIDashboardSubTextFieldController.swift in Sources */,
				B0A069FE2189947400BA4CA5 /* TSStepper.swift in Sources */,
				B085D8CE219D51B3009F1585 /* ShippingServiceListViewController.swift in Sources */,
				B0D46D0321BF669600B95373 /* ShippingAddress.swift in Sources */,
				B0697F1121B7B30300D05D6E /* TSPriceView.swift in Sources */,
				B085D8D8219D5B00009F1585 /* DefaultCurrencyFormatter.swift in Sources */,
				B04C92A121A6772E0009B607 /* DashboardRow.swift in Sources */,
				B085D8D2219D5A04009F1585 /* ShippingServiceElementCollection.swift in Sources */,
				B02A19FA21BA677100072154 /* TSShippingDestinationEditorNibView.swift in Sources */,
				B0697F3621BA06A400D05D6E /* TSTextFieldNibView.swift in Sources */,
				B085D8CC219D1E52009F1585 /* TSShippingServiceViewController.swift in Sources */,
				B0697F2321B8E3B500D05D6E /* TaiwanPostalCode.swift in Sources */,
				B020D4FD219AB78900EC93E3 /* CheckoutDashboard.swift in Sources */,
				B0A069FA21897FED00BA4CA5 /* TSCartItemNibView.swift in Sources */,
				B085D8DC219EA13B009F1585 /* TSShippingDestinationCardNibView.swift in Sources */,
				B0D46D0521BF66BB00B95373 /* ShippingRecipient.swift in Sources */,
				B085D8D4219D5AC4009F1585 /* ShippingServiceController.swift in Sources */,
				B04C929D21A41F340009B607 /* DSL.swift in Sources */,
				B0772EC4218C39AF0082C055 /* UIDashboardSubTextField.swift in Sources */,
				B020D502219AC51800EC93E3 /* TSShippingServiceNibView.swift in Sources */,
				B0697F1721B8D46A00D05D6E /* ShippingDestinationEditorController.swift in Sources */,
				B017706121BA85FC003C49DB /* UIKeyboardController.swift in Sources */,
				B02B0250218BD5F100772118 /* TSSelectionView.swift in Sources */,
				B04C92A321A677530009B607 /* DashboardRowController.swift in Sources */,
				B043A05621ABE7E200CF296A /* UIAddressCityPickerViewController.swift in Sources */,
				B0697F1521B7E0A700D05D6E /* PostalCode.swift in Sources */,
				B04C92A521A6834F0009B607 /* UIDashboardActionButtonController.swift in Sources */,
				B020D4F52195350200EC93E3 /* CartItemController.swift in Sources */,
				B0B0EC3621BA522000924829 /* TSSectionHeaderView.swift in Sources */,
				B0772ED4218C4B630082C055 /* UIDashboardViewController.swift in Sources */,
				B0697F3F21BA23F700D05D6E /* TSShippingDestinationEditorRecipientNibView.swift in Sources */,
				B0D46D0D21BFDAEC00B95373 /* DefaultShippingAddress.swift in Sources */,
			);
			runOnlyForDeploymentPostprocessing = 0;
		};
		B0F51CC6215878F800B592F5 /* Sources */ = {
			isa = PBXSourcesBuildPhase;
			buildActionMask = 2147483647;
			files = (
				B0112390215DDF5200A905E3 /* XCTSuccess.swift in Sources */,
				B011238F215DDF5200A905E3 /* XCTUnwrapped.swift in Sources */,
				B0C8C35A21C1EF2F00DED5BF /* ShippingServiceListTests.swift in Sources */,
				B011239C215E056C00A905E3 /* MessageField.swift in Sources */,
				B0F51CDE21587F2D00B592F5 /* FormFieldTests.swift in Sources */,
			);
			runOnlyForDeploymentPostprocessing = 0;
		};
/* End PBXSourcesBuildPhase section */

/* Begin PBXTargetDependency section */
		B0F51CD1215878F800B592F5 /* PBXTargetDependency */ = {
			isa = PBXTargetDependency;
			target = B0F51CBB2158773A00B592F5 /* TinyStore iOS */;
			targetProxy = B0F51CD0215878F800B592F5 /* PBXContainerItemProxy */;
		};
/* End PBXTargetDependency section */

/* Begin XCBuildConfiguration section */
		B0F51CB52158772000B592F5 /* Debug */ = {
			isa = XCBuildConfiguration;
			buildSettings = {
				CLANG_WARN_BLOCK_CAPTURE_AUTORELEASING = YES;
				CLANG_WARN_BOOL_CONVERSION = YES;
				CLANG_WARN_COMMA = YES;
				CLANG_WARN_CONSTANT_CONVERSION = YES;
				CLANG_WARN_DEPRECATED_OBJC_IMPLEMENTATIONS = YES;
				CLANG_WARN_EMPTY_BODY = YES;
				CLANG_WARN_ENUM_CONVERSION = YES;
				CLANG_WARN_INFINITE_RECURSION = YES;
				CLANG_WARN_INT_CONVERSION = YES;
				CLANG_WARN_NON_LITERAL_NULL_CONVERSION = YES;
				CLANG_WARN_OBJC_IMPLICIT_RETAIN_SELF = YES;
				CLANG_WARN_OBJC_LITERAL_CONVERSION = YES;
				CLANG_WARN_RANGE_LOOP_ANALYSIS = YES;
				CLANG_WARN_STRICT_PROTOTYPES = YES;
				CLANG_WARN_SUSPICIOUS_MOVE = YES;
				CLANG_WARN_UNREACHABLE_CODE = YES;
				CLANG_WARN__DUPLICATE_METHOD_MATCH = YES;
				ENABLE_STRICT_OBJC_MSGSEND = YES;
				ENABLE_TESTABILITY = YES;
				GCC_NO_COMMON_BLOCKS = YES;
				GCC_WARN_64_TO_32_BIT_CONVERSION = YES;
				GCC_WARN_ABOUT_RETURN_TYPE = YES;
				GCC_WARN_UNDECLARED_SELECTOR = YES;
				GCC_WARN_UNINITIALIZED_AUTOS = YES;
				GCC_WARN_UNUSED_FUNCTION = YES;
				GCC_WARN_UNUSED_VARIABLE = YES;
				IPHONEOS_DEPLOYMENT_TARGET = 10.0;
				ONLY_ACTIVE_ARCH = YES;
				PRODUCT_BUNDLE_IDENTIFIER = "com.tinyworld.$(PROJECT_NAME)";
				PRODUCT_MODULE_NAME = "$(PROJECT_NAME)";
				PRODUCT_NAME = "$(PROJECT_NAME)";
			};
			name = Debug;
		};
		B0F51CB62158772000B592F5 /* Release */ = {
			isa = XCBuildConfiguration;
			buildSettings = {
				CLANG_WARN_BLOCK_CAPTURE_AUTORELEASING = YES;
				CLANG_WARN_BOOL_CONVERSION = YES;
				CLANG_WARN_COMMA = YES;
				CLANG_WARN_CONSTANT_CONVERSION = YES;
				CLANG_WARN_DEPRECATED_OBJC_IMPLEMENTATIONS = YES;
				CLANG_WARN_EMPTY_BODY = YES;
				CLANG_WARN_ENUM_CONVERSION = YES;
				CLANG_WARN_INFINITE_RECURSION = YES;
				CLANG_WARN_INT_CONVERSION = YES;
				CLANG_WARN_NON_LITERAL_NULL_CONVERSION = YES;
				CLANG_WARN_OBJC_IMPLICIT_RETAIN_SELF = YES;
				CLANG_WARN_OBJC_LITERAL_CONVERSION = YES;
				CLANG_WARN_RANGE_LOOP_ANALYSIS = YES;
				CLANG_WARN_STRICT_PROTOTYPES = YES;
				CLANG_WARN_SUSPICIOUS_MOVE = YES;
				CLANG_WARN_UNREACHABLE_CODE = YES;
				CLANG_WARN__DUPLICATE_METHOD_MATCH = YES;
				ENABLE_STRICT_OBJC_MSGSEND = YES;
				GCC_NO_COMMON_BLOCKS = YES;
				GCC_WARN_64_TO_32_BIT_CONVERSION = YES;
				GCC_WARN_ABOUT_RETURN_TYPE = YES;
				GCC_WARN_UNDECLARED_SELECTOR = YES;
				GCC_WARN_UNINITIALIZED_AUTOS = YES;
				GCC_WARN_UNUSED_FUNCTION = YES;
				GCC_WARN_UNUSED_VARIABLE = YES;
				IPHONEOS_DEPLOYMENT_TARGET = 10.0;
				PRODUCT_BUNDLE_IDENTIFIER = "com.tinyworld.$(PROJECT_NAME)";
				PRODUCT_MODULE_NAME = "$(PROJECT_NAME)";
				PRODUCT_NAME = "$(PROJECT_NAME)";
			};
			name = Release;
		};
		B0F51CC32158773A00B592F5 /* Debug */ = {
			isa = XCBuildConfiguration;
			buildSettings = {
				ALWAYS_SEARCH_USER_PATHS = NO;
				CLANG_ANALYZER_NONNULL = YES;
				CLANG_ANALYZER_NUMBER_OBJECT_CONVERSION = YES_AGGRESSIVE;
				CLANG_CXX_LANGUAGE_STANDARD = "gnu++14";
				CLANG_CXX_LIBRARY = "libc++";
				CLANG_ENABLE_MODULES = YES;
				CLANG_ENABLE_OBJC_ARC = YES;
				CLANG_ENABLE_OBJC_WEAK = YES;
				CLANG_WARN_BLOCK_CAPTURE_AUTORELEASING = YES;
				CLANG_WARN_BOOL_CONVERSION = YES;
				CLANG_WARN_COMMA = YES;
				CLANG_WARN_CONSTANT_CONVERSION = YES;
				CLANG_WARN_DEPRECATED_OBJC_IMPLEMENTATIONS = YES;
				CLANG_WARN_DIRECT_OBJC_ISA_USAGE = YES_ERROR;
				CLANG_WARN_DOCUMENTATION_COMMENTS = YES;
				CLANG_WARN_EMPTY_BODY = YES;
				CLANG_WARN_ENUM_CONVERSION = YES;
				CLANG_WARN_INFINITE_RECURSION = YES;
				CLANG_WARN_INT_CONVERSION = YES;
				CLANG_WARN_NON_LITERAL_NULL_CONVERSION = YES;
				CLANG_WARN_OBJC_IMPLICIT_RETAIN_SELF = YES;
				CLANG_WARN_OBJC_LITERAL_CONVERSION = YES;
				CLANG_WARN_OBJC_ROOT_CLASS = YES_ERROR;
				CLANG_WARN_RANGE_LOOP_ANALYSIS = YES;
				CLANG_WARN_STRICT_PROTOTYPES = YES;
				CLANG_WARN_SUSPICIOUS_MOVE = YES;
				CLANG_WARN_UNGUARDED_AVAILABILITY = YES_AGGRESSIVE;
				CLANG_WARN_UNREACHABLE_CODE = YES;
				CLANG_WARN__DUPLICATE_METHOD_MATCH = YES;
				CODE_SIGN_IDENTITY = "";
				CODE_SIGN_STYLE = Automatic;
				COPY_PHASE_STRIP = NO;
				CURRENT_PROJECT_VERSION = 1;
				DEBUG_INFORMATION_FORMAT = dwarf;
				DEFINES_MODULE = YES;
				DEVELOPMENT_TEAM = 5CE6946X84;
				DYLIB_COMPATIBILITY_VERSION = 1;
				DYLIB_CURRENT_VERSION = 1;
				DYLIB_INSTALL_NAME_BASE = "@rpath";
				ENABLE_STRICT_OBJC_MSGSEND = YES;
				ENABLE_TESTABILITY = YES;
				GCC_C_LANGUAGE_STANDARD = gnu11;
				GCC_DYNAMIC_NO_PIC = NO;
				GCC_NO_COMMON_BLOCKS = YES;
				GCC_OPTIMIZATION_LEVEL = 0;
				GCC_PREPROCESSOR_DEFINITIONS = (
					"DEBUG=1",
					"$(inherited)",
				);
				GCC_WARN_64_TO_32_BIT_CONVERSION = YES;
				GCC_WARN_ABOUT_RETURN_TYPE = YES_ERROR;
				GCC_WARN_UNDECLARED_SELECTOR = YES;
				GCC_WARN_UNINITIALIZED_AUTOS = YES_AGGRESSIVE;
				GCC_WARN_UNUSED_FUNCTION = YES;
				GCC_WARN_UNUSED_VARIABLE = YES;
				INFOPLIST_FILE = Sources/iOS/Info.plist;
				INSTALL_PATH = "$(LOCAL_LIBRARY_DIR)/Frameworks";
				LD_RUNPATH_SEARCH_PATHS = (
					"$(inherited)",
					"@executable_path/Frameworks",
					"@loader_path/Frameworks",
				);
				MTL_ENABLE_DEBUG_INFO = INCLUDE_SOURCE;
				MTL_FAST_MATH = YES;
				ONLY_ACTIVE_ARCH = YES;
				PRODUCT_BUNDLE_IDENTIFIER = "$(inherited)";
				PRODUCT_MODULE_NAME = "$(inherited)";
				PRODUCT_NAME = "$(inherited)";
				SDKROOT = iphoneos;
				SKIP_INSTALL = YES;
				SWIFT_ACTIVE_COMPILATION_CONDITIONS = DEBUG;
				SWIFT_OPTIMIZATION_LEVEL = "-Onone";
				SWIFT_VERSION = 4.2;
				TARGETED_DEVICE_FAMILY = "1,2";
				VERSIONING_SYSTEM = "apple-generic";
				VERSION_INFO_PREFIX = "";
			};
			name = Debug;
		};
		B0F51CC42158773A00B592F5 /* Release */ = {
			isa = XCBuildConfiguration;
			buildSettings = {
				ALWAYS_SEARCH_USER_PATHS = NO;
				CLANG_ANALYZER_NONNULL = YES;
				CLANG_ANALYZER_NUMBER_OBJECT_CONVERSION = YES_AGGRESSIVE;
				CLANG_CXX_LANGUAGE_STANDARD = "gnu++14";
				CLANG_CXX_LIBRARY = "libc++";
				CLANG_ENABLE_MODULES = YES;
				CLANG_ENABLE_OBJC_ARC = YES;
				CLANG_ENABLE_OBJC_WEAK = YES;
				CLANG_WARN_BLOCK_CAPTURE_AUTORELEASING = YES;
				CLANG_WARN_BOOL_CONVERSION = YES;
				CLANG_WARN_COMMA = YES;
				CLANG_WARN_CONSTANT_CONVERSION = YES;
				CLANG_WARN_DEPRECATED_OBJC_IMPLEMENTATIONS = YES;
				CLANG_WARN_DIRECT_OBJC_ISA_USAGE = YES_ERROR;
				CLANG_WARN_DOCUMENTATION_COMMENTS = YES;
				CLANG_WARN_EMPTY_BODY = YES;
				CLANG_WARN_ENUM_CONVERSION = YES;
				CLANG_WARN_INFINITE_RECURSION = YES;
				CLANG_WARN_INT_CONVERSION = YES;
				CLANG_WARN_NON_LITERAL_NULL_CONVERSION = YES;
				CLANG_WARN_OBJC_IMPLICIT_RETAIN_SELF = YES;
				CLANG_WARN_OBJC_LITERAL_CONVERSION = YES;
				CLANG_WARN_OBJC_ROOT_CLASS = YES_ERROR;
				CLANG_WARN_RANGE_LOOP_ANALYSIS = YES;
				CLANG_WARN_STRICT_PROTOTYPES = YES;
				CLANG_WARN_SUSPICIOUS_MOVE = YES;
				CLANG_WARN_UNGUARDED_AVAILABILITY = YES_AGGRESSIVE;
				CLANG_WARN_UNREACHABLE_CODE = YES;
				CLANG_WARN__DUPLICATE_METHOD_MATCH = YES;
				CODE_SIGN_IDENTITY = "";
				CODE_SIGN_STYLE = Automatic;
				COPY_PHASE_STRIP = NO;
				CURRENT_PROJECT_VERSION = 1;
				DEBUG_INFORMATION_FORMAT = "dwarf-with-dsym";
				DEFINES_MODULE = YES;
				DEVELOPMENT_TEAM = 5CE6946X84;
				DYLIB_COMPATIBILITY_VERSION = 1;
				DYLIB_CURRENT_VERSION = 1;
				DYLIB_INSTALL_NAME_BASE = "@rpath";
				ENABLE_NS_ASSERTIONS = NO;
				ENABLE_STRICT_OBJC_MSGSEND = YES;
				GCC_C_LANGUAGE_STANDARD = gnu11;
				GCC_NO_COMMON_BLOCKS = YES;
				GCC_WARN_64_TO_32_BIT_CONVERSION = YES;
				GCC_WARN_ABOUT_RETURN_TYPE = YES_ERROR;
				GCC_WARN_UNDECLARED_SELECTOR = YES;
				GCC_WARN_UNINITIALIZED_AUTOS = YES_AGGRESSIVE;
				GCC_WARN_UNUSED_FUNCTION = YES;
				GCC_WARN_UNUSED_VARIABLE = YES;
				INFOPLIST_FILE = Sources/iOS/Info.plist;
				INSTALL_PATH = "$(LOCAL_LIBRARY_DIR)/Frameworks";
				LD_RUNPATH_SEARCH_PATHS = (
					"$(inherited)",
					"@executable_path/Frameworks",
					"@loader_path/Frameworks",
				);
				MTL_ENABLE_DEBUG_INFO = NO;
				MTL_FAST_MATH = YES;
				PRODUCT_BUNDLE_IDENTIFIER = "$(inherited)";
				PRODUCT_MODULE_NAME = "$(inherited)";
				PRODUCT_NAME = "$(inherited)";
				SDKROOT = iphoneos;
				SKIP_INSTALL = YES;
				SWIFT_COMPILATION_MODE = wholemodule;
				SWIFT_OPTIMIZATION_LEVEL = "-O";
				SWIFT_VERSION = 4.2;
				TARGETED_DEVICE_FAMILY = "1,2";
				VALIDATE_PRODUCT = YES;
				VERSIONING_SYSTEM = "apple-generic";
				VERSION_INFO_PREFIX = "";
			};
			name = Release;
		};
		B0F51CD3215878F800B592F5 /* Debug */ = {
			isa = XCBuildConfiguration;
			buildSettings = {
				ALWAYS_EMBED_SWIFT_STANDARD_LIBRARIES = YES;
				ALWAYS_SEARCH_USER_PATHS = NO;
				CLANG_ANALYZER_NONNULL = YES;
				CLANG_ANALYZER_NUMBER_OBJECT_CONVERSION = YES_AGGRESSIVE;
				CLANG_CXX_LANGUAGE_STANDARD = "gnu++14";
				CLANG_CXX_LIBRARY = "libc++";
				CLANG_ENABLE_MODULES = YES;
				CLANG_ENABLE_OBJC_ARC = YES;
				CLANG_ENABLE_OBJC_WEAK = YES;
				CLANG_WARN_BLOCK_CAPTURE_AUTORELEASING = YES;
				CLANG_WARN_BOOL_CONVERSION = YES;
				CLANG_WARN_COMMA = YES;
				CLANG_WARN_CONSTANT_CONVERSION = YES;
				CLANG_WARN_DEPRECATED_OBJC_IMPLEMENTATIONS = YES;
				CLANG_WARN_DIRECT_OBJC_ISA_USAGE = YES_ERROR;
				CLANG_WARN_DOCUMENTATION_COMMENTS = YES;
				CLANG_WARN_EMPTY_BODY = YES;
				CLANG_WARN_ENUM_CONVERSION = YES;
				CLANG_WARN_INFINITE_RECURSION = YES;
				CLANG_WARN_INT_CONVERSION = YES;
				CLANG_WARN_NON_LITERAL_NULL_CONVERSION = YES;
				CLANG_WARN_OBJC_IMPLICIT_RETAIN_SELF = YES;
				CLANG_WARN_OBJC_LITERAL_CONVERSION = YES;
				CLANG_WARN_OBJC_ROOT_CLASS = YES_ERROR;
				CLANG_WARN_RANGE_LOOP_ANALYSIS = YES;
				CLANG_WARN_STRICT_PROTOTYPES = YES;
				CLANG_WARN_SUSPICIOUS_MOVE = YES;
				CLANG_WARN_UNGUARDED_AVAILABILITY = YES_AGGRESSIVE;
				CLANG_WARN_UNREACHABLE_CODE = YES;
				CLANG_WARN__DUPLICATE_METHOD_MATCH = YES;
				CODE_SIGN_IDENTITY = "iPhone Developer";
				CODE_SIGN_STYLE = Automatic;
				COPY_PHASE_STRIP = NO;
				DEBUG_INFORMATION_FORMAT = dwarf;
				DEVELOPMENT_TEAM = 5CE6946X84;
				ENABLE_STRICT_OBJC_MSGSEND = YES;
				ENABLE_TESTABILITY = YES;
				GCC_C_LANGUAGE_STANDARD = gnu11;
				GCC_DYNAMIC_NO_PIC = NO;
				GCC_NO_COMMON_BLOCKS = YES;
				GCC_OPTIMIZATION_LEVEL = 0;
				GCC_PREPROCESSOR_DEFINITIONS = (
					"DEBUG=1",
					"$(inherited)",
				);
				GCC_WARN_64_TO_32_BIT_CONVERSION = YES;
				GCC_WARN_ABOUT_RETURN_TYPE = YES_ERROR;
				GCC_WARN_UNDECLARED_SELECTOR = YES;
				GCC_WARN_UNINITIALIZED_AUTOS = YES_AGGRESSIVE;
				GCC_WARN_UNUSED_FUNCTION = YES;
				GCC_WARN_UNUSED_VARIABLE = YES;
				INFOPLIST_FILE = Tests/Info.plist;
				IPHONEOS_DEPLOYMENT_TARGET = 12.0;
				LD_RUNPATH_SEARCH_PATHS = (
					"$(inherited)",
					"@executable_path/Frameworks",
					"@loader_path/Frameworks",
				);
				MTL_ENABLE_DEBUG_INFO = INCLUDE_SOURCE;
				MTL_FAST_MATH = YES;
				ONLY_ACTIVE_ARCH = YES;
				PRODUCT_BUNDLE_IDENTIFIER = "$(inherited)Tests";
				PRODUCT_MODULE_NAME = "$(inherited)Tests";
				PRODUCT_NAME = "$(inherited)Tests";
				REEXPORTED_FRAMEWORK_NAMES = "";
				REEXPORTED_LIBRARY_PATHS = "";
				SDKROOT = iphoneos;
				SWIFT_ACTIVE_COMPILATION_CONDITIONS = DEBUG;
				SWIFT_OPTIMIZATION_LEVEL = "-Onone";
				SWIFT_VERSION = 4.2;
				TARGETED_DEVICE_FAMILY = "1,2";
			};
			name = Debug;
		};
		B0F51CD4215878F800B592F5 /* Release */ = {
			isa = XCBuildConfiguration;
			buildSettings = {
				ALWAYS_EMBED_SWIFT_STANDARD_LIBRARIES = YES;
				ALWAYS_SEARCH_USER_PATHS = NO;
				CLANG_ANALYZER_NONNULL = YES;
				CLANG_ANALYZER_NUMBER_OBJECT_CONVERSION = YES_AGGRESSIVE;
				CLANG_CXX_LANGUAGE_STANDARD = "gnu++14";
				CLANG_CXX_LIBRARY = "libc++";
				CLANG_ENABLE_MODULES = YES;
				CLANG_ENABLE_OBJC_ARC = YES;
				CLANG_ENABLE_OBJC_WEAK = YES;
				CLANG_WARN_BLOCK_CAPTURE_AUTORELEASING = YES;
				CLANG_WARN_BOOL_CONVERSION = YES;
				CLANG_WARN_COMMA = YES;
				CLANG_WARN_CONSTANT_CONVERSION = YES;
				CLANG_WARN_DEPRECATED_OBJC_IMPLEMENTATIONS = YES;
				CLANG_WARN_DIRECT_OBJC_ISA_USAGE = YES_ERROR;
				CLANG_WARN_DOCUMENTATION_COMMENTS = YES;
				CLANG_WARN_EMPTY_BODY = YES;
				CLANG_WARN_ENUM_CONVERSION = YES;
				CLANG_WARN_INFINITE_RECURSION = YES;
				CLANG_WARN_INT_CONVERSION = YES;
				CLANG_WARN_NON_LITERAL_NULL_CONVERSION = YES;
				CLANG_WARN_OBJC_IMPLICIT_RETAIN_SELF = YES;
				CLANG_WARN_OBJC_LITERAL_CONVERSION = YES;
				CLANG_WARN_OBJC_ROOT_CLASS = YES_ERROR;
				CLANG_WARN_RANGE_LOOP_ANALYSIS = YES;
				CLANG_WARN_STRICT_PROTOTYPES = YES;
				CLANG_WARN_SUSPICIOUS_MOVE = YES;
				CLANG_WARN_UNGUARDED_AVAILABILITY = YES_AGGRESSIVE;
				CLANG_WARN_UNREACHABLE_CODE = YES;
				CLANG_WARN__DUPLICATE_METHOD_MATCH = YES;
				CODE_SIGN_IDENTITY = "iPhone Developer";
				CODE_SIGN_STYLE = Automatic;
				COPY_PHASE_STRIP = NO;
				DEBUG_INFORMATION_FORMAT = "dwarf-with-dsym";
				DEVELOPMENT_TEAM = 5CE6946X84;
				ENABLE_NS_ASSERTIONS = NO;
				ENABLE_STRICT_OBJC_MSGSEND = YES;
				GCC_C_LANGUAGE_STANDARD = gnu11;
				GCC_NO_COMMON_BLOCKS = YES;
				GCC_WARN_64_TO_32_BIT_CONVERSION = YES;
				GCC_WARN_ABOUT_RETURN_TYPE = YES_ERROR;
				GCC_WARN_UNDECLARED_SELECTOR = YES;
				GCC_WARN_UNINITIALIZED_AUTOS = YES_AGGRESSIVE;
				GCC_WARN_UNUSED_FUNCTION = YES;
				GCC_WARN_UNUSED_VARIABLE = YES;
				INFOPLIST_FILE = Tests/Info.plist;
				IPHONEOS_DEPLOYMENT_TARGET = 12.0;
				LD_RUNPATH_SEARCH_PATHS = (
					"$(inherited)",
					"@executable_path/Frameworks",
					"@loader_path/Frameworks",
				);
				MTL_ENABLE_DEBUG_INFO = NO;
				MTL_FAST_MATH = YES;
				PRODUCT_BUNDLE_IDENTIFIER = "$(inherited)Tests";
				PRODUCT_MODULE_NAME = "$(inherited)Tests";
				PRODUCT_NAME = "$(inherited)Tests";
				REEXPORTED_FRAMEWORK_NAMES = "";
				REEXPORTED_LIBRARY_PATHS = "";
				SDKROOT = iphoneos;
				SWIFT_COMPILATION_MODE = wholemodule;
				SWIFT_OPTIMIZATION_LEVEL = "-O";
				SWIFT_VERSION = 4.2;
				TARGETED_DEVICE_FAMILY = "1,2";
				VALIDATE_PRODUCT = YES;
			};
			name = Release;
		};
/* End XCBuildConfiguration section */

/* Begin XCConfigurationList section */
		B0F51CB42158772000B592F5 /* Build configuration list for PBXProject "TinyStore" */ = {
			isa = XCConfigurationList;
			buildConfigurations = (
				B0F51CB52158772000B592F5 /* Debug */,
				B0F51CB62158772000B592F5 /* Release */,
			);
			defaultConfigurationIsVisible = 0;
			defaultConfigurationName = Release;
		};
		B0F51CC22158773A00B592F5 /* Build configuration list for PBXNativeTarget "TinyStore iOS" */ = {
			isa = XCConfigurationList;
			buildConfigurations = (
				B0F51CC32158773A00B592F5 /* Debug */,
				B0F51CC42158773A00B592F5 /* Release */,
			);
			defaultConfigurationIsVisible = 0;
			defaultConfigurationName = Release;
		};
		B0F51CD2215878F800B592F5 /* Build configuration list for PBXNativeTarget "TinyStoreTests iOS" */ = {
			isa = XCConfigurationList;
			buildConfigurations = (
				B0F51CD3215878F800B592F5 /* Debug */,
				B0F51CD4215878F800B592F5 /* Release */,
			);
			defaultConfigurationIsVisible = 0;
			defaultConfigurationName = Release;
		};
/* End XCConfigurationList section */
	};
	rootObject = B0F51CB12158772000B592F5 /* Project object */;
}
